
Microsoft Visual Studio Solution File, Format Version 12.00
Project("{2150E333-8FDC-42A3-9474-1A3956D46DE8}") = "src", "src", "{271CB784-27AA-4BA5-99D0-CB37FCACE08E}"
EndProject
Project("{FAE04EC0-301F-11D3-BF4B-00C04F79EFBC}") = "Domain", "Domain\Domain.csproj", "{46920B22-F29A-4505-B745-045FB44ACB32}"
EndProject
Project("{FAE04EC0-301F-11D3-BF4B-00C04F79EFBC}") = "Application", "Application\Application.csproj", "{6C4D46CC-3B0D-4933-98F5-B253C4125C8F}"
EndProject
Project("{FAE04EC0-301F-11D3-BF4B-00C04F79EFBC}") = "Infrastructure", "Infrastructure\Infrastructure.csproj", "{67FFA755-F8F8-41A0-BFCC-5140129FBF7A}"
EndProject
Project("{FAE04EC0-301F-11D3-BF4B-00C04F79EFBC}") = "Web", "Web\Web.csproj", "{79D9E8BC-81D3-4603-9B39-24C88379BCD3}"
EndProject
Project("{2150E333-8FDC-42A3-9474-1A3956D46DE8}") = "Solution Items", "Solution Items", "{DBCBCFBC-6D4E-46AD-B2AB-F690F5C20EB5}"
	ProjectSection(SolutionItems) = preProject
		docker-compose.yml = docker-compose.yml
		Dockerfile = Dockerfile
		.dockerignore = .dockerignore
	EndProjectSection
EndProject
Global
	GlobalSection(SolutionConfigurationPlatforms) = preSolution
		Debug|Any CPU = Debug|Any CPU
		Release|Any CPU = Release|Any CPU
	EndGlobalSection
	GlobalSection(ProjectConfigurationPlatforms) = postSolution
		{46920B22-F29A-4505-B745-045FB44ACB32}.Debug|Any CPU.ActiveCfg = Debug|Any CPU
		{46920B22-F29A-4505-B745-045FB44ACB32}.Debug|Any CPU.Build.0 = Debug|Any CPU
		{46920B22-F29A-4505-B745-045FB44ACB32}.Release|Any CPU.ActiveCfg = Release|Any CPU
		{46920B22-F29A-4505-B745-045FB44ACB32}.Release|Any CPU.Build.0 = Release|Any CPU
		{6C4D46CC-3B0D-4933-98F5-B253C4125C8F}.Debug|Any CPU.ActiveCfg = Debug|Any CPU
		{6C4D46CC-3B0D-4933-98F5-B253C4125C8F}.Debug|Any CPU.Build.0 = Debug|Any CPU
		{6C4D46CC-3B0D-4933-98F5-B253C4125C8F}.Release|Any CPU.ActiveCfg = Release|Any CPU
		{6C4D46CC-3B0D-4933-98F5-B253C4125C8F}.Release|Any CPU.Build.0 = Release|Any CPU
		{67FFA755-F8F8-41A0-BFCC-5140129FBF7A}.Debug|Any CPU.ActiveCfg = Debug|Any CPU
		{67FFA755-F8F8-41A0-BFCC-5140129FBF7A}.Debug|Any CPU.Build.0 = Debug|Any CPU
		{67FFA755-F8F8-41A0-BFCC-5140129FBF7A}.Release|Any CPU.ActiveCfg = Release|Any CPU
		{67FFA755-F8F8-41A0-BFCC-5140129FBF7A}.Release|Any CPU.Build.0 = Release|Any CPU
		{79D9E8BC-81D3-4603-9B39-24C88379BCD3}.Debug|Any CPU.ActiveCfg = Debug|Any CPU
		{79D9E8BC-81D3-4603-9B39-24C88379BCD3}.Debug|Any CPU.Build.0 = Debug|Any CPU
		{79D9E8BC-81D3-4603-9B39-24C88379BCD3}.Release|Any CPU.ActiveCfg = Release|Any CPU
		{79D9E8BC-81D3-4603-9B39-24C88379BCD3}.Release|Any CPU.Build.0 = Release|Any CPU
	EndGlobalSection
	GlobalSection(NestedProjects) = preSolution
		{46920B22-F29A-4505-B745-045FB44ACB32} = {271CB784-27AA-4BA5-99D0-CB37FCACE08E}
		{6C4D46CC-3B0D-4933-98F5-B253C4125C8F} = {271CB784-27AA-4BA5-99D0-CB37FCACE08E}
		{67FFA755-F8F8-41A0-BFCC-5140129FBF7A} = {271CB784-27AA-4BA5-99D0-CB37FCACE08E}
		{79D9E8BC-81D3-4603-9B39-24C88379BCD3} = {271CB784-27AA-4BA5-99D0-CB37FCACE08E}
	EndGlobalSection
EndGlobal
